
Microsoft Visual Studio Solution File, Format Version 12.00
# Visual Studio 15
VisualStudioVersion = 15.0.28307.779
MinimumVisualStudioVersion = 10.0.40219.1
Project("{FAE04EC0-301F-11D3-BF4B-00C04F79EFBC}") = "StringReplacemnetChallenege", "StringReplacemnetChallenege\StringReplacemnetChallenege.csproj", "{76044BA1-FBC3-4959-B27A-B451CF315E1A}"
EndProject
Global
	GlobalSection(SolutionConfigurationPlatforms) = preSolution
		Debug|Any CPU = Debug|Any CPU
		Release|Any CPU = Release|Any CPU
	EndGlobalSection
	GlobalSection(ProjectConfigurationPlatforms) = postSolution
		{76044BA1-FBC3-4959-B27A-B451CF315E1A}.Debug|Any CPU.ActiveCfg = Debug|Any CPU
		{76044BA1-FBC3-4959-B27A-B451CF315E1A}.Debug|Any CPU.Build.0 = Debug|Any CPU
		{76044BA1-FBC3-4959-B27A-B451CF315E1A}.Release|Any CPU.ActiveCfg = Release|Any CPU
		{76044BA1-FBC3-4959-B27A-B451CF315E1A}.Release|Any CPU.Build.0 = Release|Any CPU
	EndGlobalSection
	GlobalSection(SolutionProperties) = preSolution
		HideSolutionNode = FALSE
	EndGlobalSection
	GlobalSection(ExtensibilityGlobals) = postSolution
		SolutionGuid = {618612A8-7AAF-48AF-BA5B-2F19105FB43A}
	EndGlobalSection
EndGlobal
